
Microsoft Visual Studio Solution File, Format Version 12.00
# Visual Studio Version 17
VisualStudioVersion = 17.8.34322.80
MinimumVisualStudioVersion = 10.0.40219.1
Project("{9A19103F-16F7-4668-BE54-9A1E7A4F7556}") = "CLUB.API", "CLUB.API\CLUB.API.csproj", "{B503DE0D-D8F4-4C1F-9703-2299C0330133}"
EndProject
Project("{9A19103F-16F7-4668-BE54-9A1E7A4F7556}") = "CLUB.CONTEXT", "CLUB.CONTEXT\CLUB.CONTEXT.csproj", "{13076C7D-A3BC-4134-9629-00E12460FE7B}"
EndProject
Project("{FAE04EC0-301F-11D3-BF4B-00C04F79EFBC}") = "CLUB.CONTEXT.CONTRACTS", "CLUB.CONTEXT.CONTRACTS\CLUB.CONTEXT.CONTRACTS.csproj", "{3F1A562A-A223-4A70-A158-59EE7C9AB0E6}"
EndProject
Project("{FAE04EC0-301F-11D3-BF4B-00C04F79EFBC}") = "CLUB.COMMON.ENTITY", "CLUB.COMMON.ENTITY\CLUB.COMMON.ENTITY.csproj", "{05012B71-D0AE-4E88-A648-B2797E25BEB1}"
EndProject
Project("{FAE04EC0-301F-11D3-BF4B-00C04F79EFBC}") = "CLUB.COMMON", "CLUB.COMMON\CLUB.COMMON.csproj", "{36DA8E71-905A-4772-9941-3AB5CAEB4876}"
EndProject
Project("{FAE04EC0-301F-11D3-BF4B-00C04F79EFBC}") = "CLUB.CONTEXT.CONFIGURATION", "CLUB.CONTEXT.CONFIGURATION\CLUB.CONTEXT.CONFIGURATION.csproj", "{626AFA7C-D17A-46B2-BF2E-4832EC8CD62B}"
EndProject
Project("{FAE04EC0-301F-11D3-BF4B-00C04F79EFBC}") = "CLUB.REPOSITORIES", "CLUB.REPOSITORIES\CLUB.REPOSITORIES.csproj", "{150C0C3B-1C65-4FB7-95D9-F4B4F8528ED2}"
EndProject
Project("{FAE04EC0-301F-11D3-BF4B-00C04F79EFBC}") = "CLUB.REPOSITORIES.CONTRACTS", "CLUB.REPOSITORIES.CONTRACTS\CLUB.REPOSITORIES.CONTRACTS.csproj", "{DE0D6CBF-7A0D-45BD-B1B1-829D1A6657DD}"
EndProject
Project("{FAE04EC0-301F-11D3-BF4B-00C04F79EFBC}") = "CLUB.SERVICES", "CLUB.SERVICES\CLUB.SERVICES.csproj", "{6B68EA5D-EBBE-4218-8966-D341005B75B9}"
EndProject
Project("{FAE04EC0-301F-11D3-BF4B-00C04F79EFBC}") = "CLUB.SERVICES.CONTRACTS", "CLUB.SERVICES.CONTRACTS\CLUB.SERVICES.CONTRACTS.csproj", "{F8FE04A3-7C7C-40E4-BFD7-CC22FF0A1D60}"
EndProject
Global
	GlobalSection(SolutionConfigurationPlatforms) = preSolution
		Debug|Any CPU = Debug|Any CPU
		Release|Any CPU = Release|Any CPU
	EndGlobalSection
	GlobalSection(ProjectConfigurationPlatforms) = postSolution
		{B503DE0D-D8F4-4C1F-9703-2299C0330133}.Debug|Any CPU.ActiveCfg = Debug|Any CPU
		{B503DE0D-D8F4-4C1F-9703-2299C0330133}.Debug|Any CPU.Build.0 = Debug|Any CPU
		{B503DE0D-D8F4-4C1F-9703-2299C0330133}.Release|Any CPU.ActiveCfg = Release|Any CPU
		{B503DE0D-D8F4-4C1F-9703-2299C0330133}.Release|Any CPU.Build.0 = Release|Any CPU
		{13076C7D-A3BC-4134-9629-00E12460FE7B}.Debug|Any CPU.ActiveCfg = Debug|Any CPU
		{13076C7D-A3BC-4134-9629-00E12460FE7B}.Debug|Any CPU.Build.0 = Debug|Any CPU
		{13076C7D-A3BC-4134-9629-00E12460FE7B}.Release|Any CPU.ActiveCfg = Release|Any CPU
		{13076C7D-A3BC-4134-9629-00E12460FE7B}.Release|Any CPU.Build.0 = Release|Any CPU
		{3F1A562A-A223-4A70-A158-59EE7C9AB0E6}.Debug|Any CPU.ActiveCfg = Debug|Any CPU
		{3F1A562A-A223-4A70-A158-59EE7C9AB0E6}.Debug|Any CPU.Build.0 = Debug|Any CPU
		{3F1A562A-A223-4A70-A158-59EE7C9AB0E6}.Release|Any CPU.ActiveCfg = Release|Any CPU
		{3F1A562A-A223-4A70-A158-59EE7C9AB0E6}.Release|Any CPU.Build.0 = Release|Any CPU
		{05012B71-D0AE-4E88-A648-B2797E25BEB1}.Debug|Any CPU.ActiveCfg = Debug|Any CPU
		{05012B71-D0AE-4E88-A648-B2797E25BEB1}.Debug|Any CPU.Build.0 = Debug|Any CPU
		{05012B71-D0AE-4E88-A648-B2797E25BEB1}.Release|Any CPU.ActiveCfg = Release|Any CPU
		{05012B71-D0AE-4E88-A648-B2797E25BEB1}.Release|Any CPU.Build.0 = Release|Any CPU
		{36DA8E71-905A-4772-9941-3AB5CAEB4876}.Debug|Any CPU.ActiveCfg = Debug|Any CPU
		{36DA8E71-905A-4772-9941-3AB5CAEB4876}.Debug|Any CPU.Build.0 = Debug|Any CPU
		{36DA8E71-905A-4772-9941-3AB5CAEB4876}.Release|Any CPU.ActiveCfg = Release|Any CPU
		{36DA8E71-905A-4772-9941-3AB5CAEB4876}.Release|Any CPU.Build.0 = Release|Any CPU
		{626AFA7C-D17A-46B2-BF2E-4832EC8CD62B}.Debug|Any CPU.ActiveCfg = Debug|Any CPU
		{626AFA7C-D17A-46B2-BF2E-4832EC8CD62B}.Debug|Any CPU.Build.0 = Debug|Any CPU
		{626AFA7C-D17A-46B2-BF2E-4832EC8CD62B}.Release|Any CPU.ActiveCfg = Release|Any CPU
		{626AFA7C-D17A-46B2-BF2E-4832EC8CD62B}.Release|Any CPU.Build.0 = Release|Any CPU
		{150C0C3B-1C65-4FB7-95D9-F4B4F8528ED2}.Debug|Any CPU.ActiveCfg = Debug|Any CPU
		{150C0C3B-1C65-4FB7-95D9-F4B4F8528ED2}.Debug|Any CPU.Build.0 = Debug|Any CPU
		{150C0C3B-1C65-4FB7-95D9-F4B4F8528ED2}.Release|Any CPU.ActiveCfg = Release|Any CPU
		{150C0C3B-1C65-4FB7-95D9-F4B4F8528ED2}.Release|Any CPU.Build.0 = Release|Any CPU
		{DE0D6CBF-7A0D-45BD-B1B1-829D1A6657DD}.Debug|Any CPU.ActiveCfg = Debug|Any CPU
		{DE0D6CBF-7A0D-45BD-B1B1-829D1A6657DD}.Debug|Any CPU.Build.0 = Debug|Any CPU
		{DE0D6CBF-7A0D-45BD-B1B1-829D1A6657DD}.Release|Any CPU.ActiveCfg = Release|Any CPU
		{DE0D6CBF-7A0D-45BD-B1B1-829D1A6657DD}.Release|Any CPU.Build.0 = Release|Any CPU
		{6B68EA5D-EBBE-4218-8966-D341005B75B9}.Debug|Any CPU.ActiveCfg = Debug|Any CPU
		{6B68EA5D-EBBE-4218-8966-D341005B75B9}.Debug|Any CPU.Build.0 = Debug|Any CPU
		{6B68EA5D-EBBE-4218-8966-D341005B75B9}.Release|Any CPU.ActiveCfg = Release|Any CPU
		{6B68EA5D-EBBE-4218-8966-D341005B75B9}.Release|Any CPU.Build.0 = Release|Any CPU
		{F8FE04A3-7C7C-40E4-BFD7-CC22FF0A1D60}.Debug|Any CPU.ActiveCfg = Debug|Any CPU
		{F8FE04A3-7C7C-40E4-BFD7-CC22FF0A1D60}.Debug|Any CPU.Build.0 = Debug|Any CPU
		{F8FE04A3-7C7C-40E4-BFD7-CC22FF0A1D60}.Release|Any CPU.ActiveCfg = Release|Any CPU
		{F8FE04A3-7C7C-40E4-BFD7-CC22FF0A1D60}.Release|Any CPU.Build.0 = Release|Any CPU
	EndGlobalSection
	GlobalSection(SolutionProperties) = preSolution
		HideSolutionNode = FALSE
	EndGlobalSection
	GlobalSection(ExtensibilityGlobals) = postSolution
		SolutionGuid = {84E06D6E-B37C-43FA-BFA6-F7BFA26B6DC2}
	EndGlobalSection
EndGlobal
